# This file is autogenerated, do not edit; changes may be undone by the next 'dep ensure'.


[[projects]]
  branch = "master"
  name = "github.com/Debaru/goutils"
  packages = ["fileutil"]
  revision = "1578b806fd4b2cb42f52d53949be38bdf762fe69"

[[projects]]
  branch = "master"
  name = "github.com/dsnet/compress"
  packages = [".","bzip2","bzip2/internal/sais","internal","internal/errors","internal/prefix"]
  revision = "c4dbed65594871659ea7347a85e1b8dcd97b9990"

[[projects]]
  name = "github.com/mholt/archiver"
  packages = ["."]
  revision = "cdc68dd1f170b8dfc1a0d2231b5bb0967ed67006"
  version = "v2.0"

[[projects]]
  branch = "master"
  name = "github.com/nwaples/rardecode"
  packages = ["."]
  revision = "f22b7ef81a0afac9ce1447d37e5ab8e99fbd2f73"

[[projects]]
  name = "github.com/ulikunitz/xz"
  packages = [".","internal/hash","internal/xlog","lzma"]
  revision = "0c6b41e72360850ca4f98dc341fd999726ea007f"
  version = "v0.5.4"

[[projects]]
  branch = "master"
  name = "golang.org/x/net"
  packages = ["html","html/atom"]
  revision = "4b14673ba32bee7f5ac0f990a48f033919fd418b"

[solve-meta]
  analyzer-name = "dep"
  analyzer-version = 1
  inputs-digest = "27912eff4d401b51bf6de812c150b97cadeb1383087a53efc3d493705647ad16"
  solver-name = "gps-cdcl"
  solver-version = 1
